
Microsoft Visual Studio Solution File, Format Version 12.00
# Visual Studio 15
VisualStudioVersion = 15.0.27703.2000
MinimumVisualStudioVersion = 10.0.40219.1
Project("{FAE04EC0-301F-11D3-BF4B-00C04F79EFBC}") = "AdoNetExamTask", "AdoNetExamTask\AdoNetExamTask.csproj", "{ABCE5CDA-7FA2-41F0-A122-19EDA0D703F9}"
EndProject
Global
	GlobalSection(SolutionConfigurationPlatforms) = preSolution
		Debug|Any CPU = Debug|Any CPU
		Release|Any CPU = Release|Any CPU
	EndGlobalSection
	GlobalSection(ProjectConfigurationPlatforms) = postSolution
		{ABCE5CDA-7FA2-41F0-A122-19EDA0D703F9}.Debug|Any CPU.ActiveCfg = Debug|Any CPU
		{ABCE5CDA-7FA2-41F0-A122-19EDA0D703F9}.Debug|Any CPU.Build.0 = Debug|Any CPU
		{ABCE5CDA-7FA2-41F0-A122-19EDA0D703F9}.Release|Any CPU.ActiveCfg = Release|Any CPU
		{ABCE5CDA-7FA2-41F0-A122-19EDA0D703F9}.Release|Any CPU.Build.0 = Release|Any CPU
	EndGlobalSection
	GlobalSection(SolutionProperties) = preSolution
		HideSolutionNode = FALSE
	EndGlobalSection
	GlobalSection(ExtensibilityGlobals) = postSolution
		SolutionGuid = {5F2A2493-CD85-48C9-A5AB-783E55FF1F48}
	EndGlobalSection
EndGlobal
